# THIS IS AN AUTOGENERATED FILE. DO NOT EDIT THIS FILE DIRECTLY.
# yarn lockfile v1


"@prisma/engines@4.3.1":
  version "4.3.1"
  resolved "https://registry.yarnpkg.com/@prisma/engines/-/engines-4.3.1.tgz#fb0ad69eded13827fb4cd81995a351c234e8327f"
  integrity sha512-4JF/uMaEDAPdcdZNOrnzE3BvrbGpjgV0FcPT3EVoi6I86fWkloqqxBt+KcK/+fIRR0Pxj66uGR9wVH8U1Y13JA==

prisma@^4.3.1:
  version "4.3.1"
  resolved "https://registry.yarnpkg.com/prisma/-/prisma-4.3.1.tgz#9e4c24e49710392be40ee75fb3d9341d7487881e"
  integrity sha512-90xo06wtqil76Xsi3mNpc4Js3SdDRR5g4qb9h+4VWY4Y8iImJY6xc3PX+C9xxTSt1lr0Q89A0MLkJjd8ax6KiQ==
  dependencies:
    "@prisma/engines" "4.3.1"
