{
  "name": "planetscale-prisma-github-action",
  "version": "1.0.0",
  "lockfileVersion": 2,
  "requires": true,
  "packages": {
    "": {
      "name": "planetscale-prisma-github-action",
      "version": "1.0.0",
      "license": "MIT",
      "dependencies": {
        "@actions/core": "^1.9.1",
        "@prisma/client": "4.3.1"
      },
      "devDependencies": {
        "prisma": "^4.3.1"
      }
    },
    "node_modules/@actions/core": {
      "version": "1.9.1",
      "license": "MIT",
      "dependencies": {
        "@actions/http-client": "^2.0.1",
        "uuid": "^8.3.2"
      }
    },
    "node_modules/@actions/http-client": {
      "version": "2.0.1",
      "license": "MIT",
      "dependencies": {
        "tunnel": "^0.0.6"
      }
    },
    "node_modules/@prisma/client": {
      "version": "4.3.1",
      "hasInstallScript": true,
      "license": "Apache-2.0",
      "dependencies": {
        "@prisma/engines-version": "4.3.0-32.c875e43600dfe042452e0b868f7a48b817b9640b"
      },
      "engines": {
        "node": ">=14.17"
      },
      "peerDependencies": {
        "prisma": "*"
      },
      "peerDependenciesMeta": {
        "prisma": {
          "optional": true
        }
      }
    },
    "node_modules/@prisma/engines": {
      "version": "4.3.1",
      "devOptional": true,
      "hasInstallScript": true,
      "license": "Apache-2.0"
    },
    "node_modules/@prisma/engines-version": {
      "version": "4.3.0-32.c875e43600dfe042452e0b868f7a48b817b9640b",
      "license": "Apache-2.0"
    },
    "node_modules/prisma": {
      "version": "4.3.1",
      "devOptional": true,
      "hasInstallScript": true,
      "license": "Apache-2.0",
      "dependencies": {
        "@prisma/engines": "4.3.1"
      },
      "bin": {
        "prisma": "build/index.js",
        "prisma2": "build/index.js"
      },
      "engines": {
        "node": ">=14.17"
      }
    },
    "node_modules/tunnel": {
      "version": "0.0.6",
      "license": "MIT",
      "engines": {
        "node": ">=0.6.11 <=0.7.0 || >=0.7.3"
      }
    },
    "node_modules/uuid": {
      "version": "8.3.2",
      "license": "MIT",
      "bin": {
        "uuid": "dist/bin/uuid"
      }
    }
  },
  "dependencies": {
    "@actions/core": {
      "version": "1.9.1",
      "requires": {
        "@actions/http-client": "^2.0.1",
        "uuid": "^8.3.2"
      }
    },
    "@actions/http-client": {
      "version": "2.0.1",
      "requires": {
        "tunnel": "^0.0.6"
      }
    },
    "@prisma/client": {
      "version": "4.3.1",
      "requires": {
        "@prisma/engines-version": "4.3.0-32.c875e43600dfe042452e0b868f7a48b817b9640b"
      }
    },
    "@prisma/engines": {
      "version": "4.3.1",
      "devOptional": true
    },
    "@prisma/engines-version": {
      "version": "4.3.0-32.c875e43600dfe042452e0b868f7a48b817b9640b"
    },
    "prisma": {
      "version": "4.3.1",
      "devOptional": true,
      "requires": {
        "@prisma/engines": "4.3.1"
      }
    },
    "tunnel": {
      "version": "0.0.6"
    },
    "uuid": {
      "version": "8.3.2"
    }
  }
}
